Microsoft Visual Studio Solution File, Format Version 12.00
# Visual Studio Version 17
VisualStudioVersion = 17.5.2.0
MinimumVisualStudioVersion = 10.0.40219.1
Project("{FAE04EC0-301F-11D3-BF4B-00C04F79EFBC}") = "Tower of Hanoi", "Tower of Hanoi.csproj", "{6C9F5A3E-1CFE-8230-F460-79A838EC5C9A}"
EndProject
Global
	GlobalSection(SolutionConfigurationPlatforms) = preSolution
		Debug|Any CPU = Debug|Any CPU
		Release|Any CPU = Release|Any CPU
	EndGlobalSection
	GlobalSection(ProjectConfigurationPlatforms) = postSolution
		{6C9F5A3E-1CFE-8230-F460-79A838EC5C9A}.Debug|Any CPU.ActiveCfg = Debug|Any CPU
		{6C9F5A3E-1CFE-8230-F460-79A838EC5C9A}.Debug|Any CPU.Build.0 = Debug|Any CPU
		{6C9F5A3E-1CFE-8230-F460-79A838EC5C9A}.Release|Any CPU.ActiveCfg = Release|Any CPU
		{6C9F5A3E-1CFE-8230-F460-79A838EC5C9A}.Release|Any CPU.Build.0 = Release|Any CPU
	EndGlobalSection
	GlobalSection(SolutionProperties) = preSolution
		HideSolutionNode = FALSE
	EndGlobalSection
	GlobalSection(ExtensibilityGlobals) = postSolution
		SolutionGuid = {367EE2E8-878B-4E5C-8374-E05ADD28B046}
	EndGlobalSection
EndGlobal
